// !$*UTF8*$!
{
	archiveVersion = 1;
	classes = {
	};
	objectVersion = 56;
	objects = {

/* Begin PBXBuildFile section */
		3E40870A2BC237CF0017D903 /* hangman.cpp in Sources */ = {isa = PBXBuildFile; fileRef = 3ED737692BC13C45005939D7 /* hangman.cpp */; };
		3E4087122BC260340017D903 /* libcurl.tbd in Frameworks */ = {isa = PBXBuildFile; fileRef = 3E4087112BC260340017D903 /* libcurl.tbd */; };
/* End PBXBuildFile section */

/* Begin PBXCopyFilesBuildPhase section */
		3E4416062BC672FC002C0F97 /* CopyFiles */ = {
			isa = PBXCopyFilesBuildPhase;
			buildActionMask = 8;
			dstPath = "";
			dstSubfolderSpec = 7;
			files = (
			);
			runOnlyForDeploymentPostprocessing = 1;
		};
/* End PBXCopyFilesBuildPhase section */

/* Begin PBXFileReference section */
		3E40870B2BC23B1B0017D903 /* debug.h */ = {isa = PBXFileReference; lastKnownFileType = sourcecode.c.h; name = debug.h; path = "The Hangman Game/include/debug.h"; sourceTree = SOURCE_ROOT; };
		3E40870F2BC25F310017D903 /* cget.h */ = {isa = PBXFileReference; lastKnownFileType = sourcecode.c.h; path = cget.h; sourceTree = "<group>"; };
		3E4087112BC260340017D903 /* libcurl.tbd */ = {isa = PBXFileReference; lastKnownFileType = "sourcecode.text-based-dylib-definition"; name = libcurl.tbd; path = usr/lib/libcurl.tbd; sourceTree = SDKROOT; };
		3E4087132BC260EB0017D903 /* canvas.h */ = {isa = PBXFileReference; lastKnownFileType = sourcecode.c.h; path = canvas.h; sourceTree = "<group>"; };
		3E4087142BC2641A0017D903 /* word.h */ = {isa = PBXFileReference; lastKnownFileType = sourcecode.c.h; path = word.h; sourceTree = "<group>"; };
		3E4087162BC29B9C0017D903 /* game.h */ = {isa = PBXFileReference; fileEncoding = 4; lastKnownFileType = sourcecode.c.h; path = game.h; sourceTree = "<group>"; };
		3E4416082BC67545002C0F97 /* db.h */ = {isa = PBXFileReference; lastKnownFileType = sourcecode.c.h; path = db.h; sourceTree = "<group>"; };
		3E4416092BC686E3002C0F97 /* CLI11.hpp */ = {isa = PBXFileReference; fileEncoding = 4; lastKnownFileType = sourcecode.cpp.h; path = CLI11.hpp; sourceTree = "<group>"; };
		3E44160A2BC691A6002C0F97 /* config.h */ = {isa = PBXFileReference; lastKnownFileType = sourcecode.c.h; path = config.h; sourceTree = "<group>"; };
		3E5E57792BC63B9A002321D5 /* wbase.h */ = {isa = PBXFileReference; lastKnownFileType = sourcecode.c.h; path = wbase.h; sourceTree = "<group>"; };
		3E9039C72BC3C44800DAEADA /* json.hpp */ = {isa = PBXFileReference; fileEncoding = 4; lastKnownFileType = sourcecode.cpp.h; path = json.hpp; sourceTree = "<group>"; };
		3ED737662BC13C45005939D7 /* hangman */ = {isa = PBXFileReference; explicitFileType = "compiled.mach-o.executable"; includeInIndex = 0; path = hangman; sourceTree = BUILT_PRODUCTS_DIR; };
		3ED737692BC13C45005939D7 /* hangman.cpp */ = {isa = PBXFileReference; lastKnownFileType = sourcecode.cpp.cpp; path = hangman.cpp; sourceTree = "<group>"; };
/* End PBXFileReference section */

/* Begin PBXFrameworksBuildPhase section */
		3ED737632BC13C45005939D7 /* Frameworks */ = {
			isa = PBXFrameworksBuildPhase;
			buildActionMask = 2147483647;
			files = (
				3E4087122BC260340017D903 /* libcurl.tbd in Frameworks */,
			);
			runOnlyForDeploymentPostprocessing = 0;
		};
/* End PBXFrameworksBuildPhase section */

/* Begin PBXGroup section */
		3E02C8CE2BC51B1400E2D9E5 /* include */ = {
			isa = PBXGroup;
			children = (
				3E4416092BC686E3002C0F97 /* CLI11.hpp */,
				3E9039C72BC3C44800DAEADA /* json.hpp */,
				3E40870F2BC25F310017D903 /* cget.h */,
				3E4087132BC260EB0017D903 /* canvas.h */,
				3E40870B2BC23B1B0017D903 /* debug.h */,
				3E4087142BC2641A0017D903 /* word.h */,
				3E4087162BC29B9C0017D903 /* game.h */,
				3E5E57792BC63B9A002321D5 /* wbase.h */,
				3E4416082BC67545002C0F97 /* db.h */,
				3E44160A2BC691A6002C0F97 /* config.h */,
			);
			path = include;
			sourceTree = "<group>";
		};
		3E4087102BC260340017D903 /* Frameworks */ = {
			isa = PBXGroup;
			children = (
				3E4087112BC260340017D903 /* libcurl.tbd */,
			);
			name = Frameworks;
			sourceTree = "<group>";
		};
		3ED7375D2BC13C45005939D7 = {
			isa = PBXGroup;
			children = (
				3ED737682BC13C45005939D7 /* The Hangman Game */,
				3ED737672BC13C45005939D7 /* Products */,
				3E4087102BC260340017D903 /* Frameworks */,
			);
			sourceTree = "<group>";
		};
		3ED737672BC13C45005939D7 /* Products */ = {
			isa = PBXGroup;
			children = (
				3ED737662BC13C45005939D7 /* hangman */,
			);
			name = Products;
			sourceTree = "<group>";
		};
		3ED737682BC13C45005939D7 /* The Hangman Game */ = {
			isa = PBXGroup;
			children = (
				3E02C8CE2BC51B1400E2D9E5 /* include */,
				3ED737692BC13C45005939D7 /* hangman.cpp */,
			);
			path = "The Hangman Game";
			sourceTree = "<group>";
		};
/* End PBXGroup section */

/* Begin PBXNativeTarget section */
		3ED737652BC13C45005939D7 /* The Hangman Game */ = {
			isa = PBXNativeTarget;
			buildConfigurationList = 3ED7376D2BC13C45005939D7 /* Build configuration list for PBXNativeTarget "The Hangman Game" */;
			buildPhases = (
				3ED737622BC13C45005939D7 /* Sources */,
				3ED737632BC13C45005939D7 /* Frameworks */,
				3E4416062BC672FC002C0F97 /* CopyFiles */,
			);
			buildRules = (
			);
			dependencies = (
			);
			name = "The Hangman Game";
			productName = "The Hangman Game";
			productReference = 3ED737662BC13C45005939D7 /* hangman */;
			productType = "com.apple.product-type.tool";
		};
/* End PBXNativeTarget section */

/* Begin PBXProject section */
		3ED7375E2BC13C45005939D7 /* Project object */ = {
			isa = PBXProject;
			attributes = {
				BuildIndependentTargetsInParallel = 1;
				LastUpgradeCheck = 1530;
				TargetAttributes = {
					3ED737652BC13C45005939D7 = {
						CreatedOnToolsVersion = 15.3;
					};
				};
			};
			buildConfigurationList = 3ED737612BC13C45005939D7 /* Build configuration list for PBXProject "The Hangman Game" */;
			compatibilityVersion = "Xcode 14.0";
			developmentRegion = en;
			hasScannedForEncodings = 0;
			knownRegions = (
				en,
				Base,
			);
			mainGroup = 3ED7375D2BC13C45005939D7;
			productRefGroup = 3ED737672BC13C45005939D7 /* Products */;
			projectDirPath = "";
			projectRoot = "";
			targets = (
				3ED737652BC13C45005939D7 /* The Hangman Game */,
			);
		};
/* End PBXProject section */

/* Begin PBXSourcesBuildPhase section */
		3ED737622BC13C45005939D7 /* Sources */ = {
			isa = PBXSourcesBuildPhase;
			buildActionMask = 2147483647;
			files = (
				3E40870A2BC237CF0017D903 /* hangman.cpp in Sources */,
			);
			runOnlyForDeploymentPostprocessing = 0;
		};
/* End PBXSourcesBuildPhase section */

/* Begin XCBuildConfiguration section */
		3ED7376B2BC13C45005939D7 /* Debug */ = {
			isa = XCBuildConfiguration;
			buildSettings = {
				ALWAYS_SEARCH_USER_PATHS = NO;
				ASSETCATALOG_COMPILER_GENERATE_SWIFT_ASSET_SYMBOL_EXTENSIONS = YES;
				CLANG_ANALYZER_NONNULL = YES;
				CLANG_ANALYZER_NUMBER_OBJECT_CONVERSION = YES_AGGRESSIVE;
				CLANG_CXX_LANGUAGE_STANDARD = "gnu++20";
				CLANG_ENABLE_MODULES = YES;
				CLANG_ENABLE_OBJC_ARC = YES;
				CLANG_ENABLE_OBJC_WEAK = YES;
				CLANG_WARN_BLOCK_CAPTURE_AUTORELEASING = YES;
				CLANG_WARN_BOOL_CONVERSION = YES;
				CLANG_WARN_COMMA = YES;
				CLANG_WARN_CONSTANT_CONVERSION = YES;
				CLANG_WARN_DEPRECATED_OBJC_IMPLEMENTATIONS = YES;
				CLANG_WARN_DIRECT_OBJC_ISA_USAGE = YES_ERROR;
				CLANG_WARN_DOCUMENTATION_COMMENTS = YES;
				CLANG_WARN_EMPTY_BODY = YES;
				CLANG_WARN_ENUM_CONVERSION = YES;
				CLANG_WARN_INFINITE_RECURSION = YES;
				CLANG_WARN_INT_CONVERSION = YES;
				CLANG_WARN_NON_LITERAL_NULL_CONVERSION = YES;
				CLANG_WARN_OBJC_IMPLICIT_RETAIN_SELF = YES;
				CLANG_WARN_OBJC_LITERAL_CONVERSION = YES;
				CLANG_WARN_OBJC_ROOT_CLASS = YES_ERROR;
				CLANG_WARN_QUOTED_INCLUDE_IN_FRAMEWORK_HEADER = YES;
				CLANG_WARN_RANGE_LOOP_ANALYSIS = YES;
				CLANG_WARN_STRICT_PROTOTYPES = YES;
				CLANG_WARN_SUSPICIOUS_MOVE = YES;
				CLANG_WARN_UNGUARDED_AVAILABILITY = YES_AGGRESSIVE;
				CLANG_WARN_UNREACHABLE_CODE = YES;
				CLANG_WARN__DUPLICATE_METHOD_MATCH = YES;
				COPY_PHASE_STRIP = NO;
				DEBUG_INFORMATION_FORMAT = dwarf;
				ENABLE_STRICT_OBJC_MSGSEND = YES;
				ENABLE_TESTABILITY = YES;
				ENABLE_USER_SCRIPT_SANDBOXING = YES;
				GCC_C_LANGUAGE_STANDARD = gnu17;
				GCC_DYNAMIC_NO_PIC = NO;
				GCC_NO_COMMON_BLOCKS = YES;
				GCC_OPTIMIZATION_LEVEL = 0;
				GCC_PREPROCESSOR_DEFINITIONS = (
					"DEBUG=1",
					"$(inherited)",
				);
				GCC_WARN_64_TO_32_BIT_CONVERSION = YES;
				GCC_WARN_ABOUT_RETURN_TYPE = YES_ERROR;
				GCC_WARN_UNDECLARED_SELECTOR = YES;
				GCC_WARN_UNINITIALIZED_AUTOS = YES_AGGRESSIVE;
				GCC_WARN_UNUSED_FUNCTION = YES;
				GCC_WARN_UNUSED_VARIABLE = YES;
				LOCALIZATION_PREFERS_STRING_CATALOGS = YES;
				MACOSX_DEPLOYMENT_TARGET = 14.4;
				MTL_ENABLE_DEBUG_INFO = INCLUDE_SOURCE;
				MTL_FAST_MATH = YES;
				ONLY_ACTIVE_ARCH = YES;
				SDKROOT = macosx;
			};
			name = Debug;
		};
		3ED7376C2BC13C45005939D7 /* Release */ = {
			isa = XCBuildConfiguration;
			buildSettings = {
				ALWAYS_SEARCH_USER_PATHS = NO;
				ASSETCATALOG_COMPILER_GENERATE_SWIFT_ASSET_SYMBOL_EXTENSIONS = YES;
				CLANG_ANALYZER_NONNULL = YES;
				CLANG_ANALYZER_NUMBER_OBJECT_CONVERSION = YES_AGGRESSIVE;
				CLANG_CXX_LANGUAGE_STANDARD = "gnu++20";
				CLANG_ENABLE_MODULES = YES;
				CLANG_ENABLE_OBJC_ARC = YES;
				CLANG_ENABLE_OBJC_WEAK = YES;
				CLANG_WARN_BLOCK_CAPTURE_AUTORELEASING = YES;
				CLANG_WARN_BOOL_CONVERSION = YES;
				CLANG_WARN_COMMA = YES;
				CLANG_WARN_CONSTANT_CONVERSION = YES;
				CLANG_WARN_DEPRECATED_OBJC_IMPLEMENTATIONS = YES;
				CLANG_WARN_DIRECT_OBJC_ISA_USAGE = YES_ERROR;
				CLANG_WARN_DOCUMENTATION_COMMENTS = YES;
				CLANG_WARN_EMPTY_BODY = YES;
				CLANG_WARN_ENUM_CONVERSION = YES;
				CLANG_WARN_INFINITE_RECURSION = YES;
				CLANG_WARN_INT_CONVERSION = YES;
				CLANG_WARN_NON_LITERAL_NULL_CONVERSION = YES;
				CLANG_WARN_OBJC_IMPLICIT_RETAIN_SELF = YES;
				CLANG_WARN_OBJC_LITERAL_CONVERSION = YES;
				CLANG_WARN_OBJC_ROOT_CLASS = YES_ERROR;
				CLANG_WARN_QUOTED_INCLUDE_IN_FRAMEWORK_HEADER = YES;
				CLANG_WARN_RANGE_LOOP_ANALYSIS = YES;
				CLANG_WARN_STRICT_PROTOTYPES = YES;
				CLANG_WARN_SUSPICIOUS_MOVE = YES;
				CLANG_WARN_UNGUARDED_AVAILABILITY = YES_AGGRESSIVE;
				CLANG_WARN_UNREACHABLE_CODE = YES;
				CLANG_WARN__DUPLICATE_METHOD_MATCH = YES;
				COPY_PHASE_STRIP = NO;
				DEBUG_INFORMATION_FORMAT = "dwarf-with-dsym";
				ENABLE_NS_ASSERTIONS = NO;
				ENABLE_STRICT_OBJC_MSGSEND = YES;
				ENABLE_USER_SCRIPT_SANDBOXING = YES;
				GCC_C_LANGUAGE_STANDARD = gnu17;
				GCC_NO_COMMON_BLOCKS = YES;
				GCC_WARN_64_TO_32_BIT_CONVERSION = YES;
				GCC_WARN_ABOUT_RETURN_TYPE = YES_ERROR;
				GCC_WARN_UNDECLARED_SELECTOR = YES;
				GCC_WARN_UNINITIALIZED_AUTOS = YES_AGGRESSIVE;
				GCC_WARN_UNUSED_FUNCTION = YES;
				GCC_WARN_UNUSED_VARIABLE = YES;
				LOCALIZATION_PREFERS_STRING_CATALOGS = YES;
				MACOSX_DEPLOYMENT_TARGET = 14.4;
				MTL_ENABLE_DEBUG_INFO = NO;
				MTL_FAST_MATH = YES;
				SDKROOT = macosx;
			};
			name = Release;
		};
		3ED7376E2BC13C45005939D7 /* Debug */ = {
			isa = XCBuildConfiguration;
			buildSettings = {
				CODE_SIGN_STYLE = Automatic;
				DEVELOPMENT_TEAM = F8BBH645KL;
				ENABLE_HARDENED_RUNTIME = YES;
				PRODUCT_NAME = hangman;
			};
			name = Debug;
		};
		3ED7376F2BC13C45005939D7 /* Release */ = {
			isa = XCBuildConfiguration;
			buildSettings = {
				CODE_SIGN_STYLE = Automatic;
				DEVELOPMENT_TEAM = F8BBH645KL;
				ENABLE_HARDENED_RUNTIME = YES;
				PRODUCT_NAME = hangman;
			};
			name = Release;
		};
/* End XCBuildConfiguration section */

/* Begin XCConfigurationList section */
		3ED737612BC13C45005939D7 /* Build configuration list for PBXProject "The Hangman Game" */ = {
			isa = XCConfigurationList;
			buildConfigurations = (
				3ED7376B2BC13C45005939D7 /* Debug */,
				3ED7376C2BC13C45005939D7 /* Release */,
			);
			defaultConfigurationIsVisible = 0;
			defaultConfigurationName = Release;
		};
		3ED7376D2BC13C45005939D7 /* Build configuration list for PBXNativeTarget "The Hangman Game" */ = {
			isa = XCConfigurationList;
			buildConfigurations = (
				3ED7376E2BC13C45005939D7 /* Debug */,
				3ED7376F2BC13C45005939D7 /* Release */,
			);
			defaultConfigurationIsVisible = 0;
			defaultConfigurationName = Release;
		};
/* End XCConfigurationList section */
	};
	rootObject = 3ED7375E2BC13C45005939D7 /* Project object */;
}
